
Microsoft Visual Studio Solution File, Format Version 12.00
# Visual Studio 15
VisualStudioVersion = 15.0.28307.168
MinimumVisualStudioVersion = 10.0.40219.1
Project("{FAE04EC0-301F-11D3-BF4B-00C04F79EFBC}") = "proiect", "proiect\proiect.csproj", "{C5F2DFD8-440E-4B53-86E9-37FB5E853A0B}"
EndProject
Global
	GlobalSection(SolutionConfigurationPlatforms) = preSolution
		Debug|Any CPU = Debug|Any CPU
		Release|Any CPU = Release|Any CPU
	EndGlobalSection
	GlobalSection(ProjectConfigurationPlatforms) = postSolution
		{C5F2DFD8-440E-4B53-86E9-37FB5E853A0B}.Debug|Any CPU.ActiveCfg = Debug|Any CPU
		{C5F2DFD8-440E-4B53-86E9-37FB5E853A0B}.Debug|Any CPU.Build.0 = Debug|Any CPU
		{C5F2DFD8-440E-4B53-86E9-37FB5E853A0B}.Release|Any CPU.ActiveCfg = Release|Any CPU
		{C5F2DFD8-440E-4B53-86E9-37FB5E853A0B}.Release|Any CPU.Build.0 = Release|Any CPU
	EndGlobalSection
	GlobalSection(SolutionProperties) = preSolution
		HideSolutionNode = FALSE
	EndGlobalSection
	GlobalSection(ExtensibilityGlobals) = postSolution
		SolutionGuid = {713DA29E-7E10-407B-8D6D-E61AD9B83CC1}
	EndGlobalSection
EndGlobal
